
Microsoft Visual Studio Solution File, Format Version 12.00
# Visual Studio Version 17
VisualStudioVersion = 17.14.36414.22 d17.14
MinimumVisualStudioVersion = 10.0.40219.1
Project("{FAE04EC0-301F-11D3-BF4B-00C04F79EFBC}") = "Bookify", "Bookify\Bookify.csproj", "{607C2EDB-044A-4241-B5A6-16652893CB74}"
EndProject
Global
	GlobalSection(SolutionConfigurationPlatforms) = preSolution
		Debug|Any CPU = Debug|Any CPU
		Release|Any CPU = Release|Any CPU
	EndGlobalSection
	GlobalSection(ProjectConfigurationPlatforms) = postSolution
		{607C2EDB-044A-4241-B5A6-16652893CB74}.Debug|Any CPU.ActiveCfg = Debug|Any CPU
		{607C2EDB-044A-4241-B5A6-16652893CB74}.Debug|Any CPU.Build.0 = Debug|Any CPU
		{607C2EDB-044A-4241-B5A6-16652893CB74}.Release|Any CPU.ActiveCfg = Release|Any CPU
		{607C2EDB-044A-4241-B5A6-16652893CB74}.Release|Any CPU.Build.0 = Release|Any CPU
	EndGlobalSection
	GlobalSection(SolutionProperties) = preSolution
		HideSolutionNode = FALSE
	EndGlobalSection
	GlobalSection(ExtensibilityGlobals) = postSolution
		SolutionGuid = {0A489AD6-519A-4724-BF3C-A791F50FD180}
	EndGlobalSection
EndGlobal
